
Microsoft Visual Studio Solution File, Format Version 12.00
# Visual Studio Version 16
VisualStudioVersion = 16.0.31410.357
MinimumVisualStudioVersion = 10.0.40219.1
Project("{FAE04EC0-301F-11D3-BF4B-00C04F79EFBC}") = "SampleBootstrap", "SampleBootstrap.csproj", "{A21E4901-4F20-419B-98EA-5CD486DD4FEA}"
EndProject
Global
	GlobalSection(SolutionConfigurationPlatforms) = preSolution
		Debug|Any CPU = Debug|Any CPU
		Release|Any CPU = Release|Any CPU
	EndGlobalSection
	GlobalSection(ProjectConfigurationPlatforms) = postSolution
		{A21E4901-4F20-419B-98EA-5CD486DD4FEA}.Debug|Any CPU.ActiveCfg = Debug|Any CPU
		{A21E4901-4F20-419B-98EA-5CD486DD4FEA}.Debug|Any CPU.Build.0 = Debug|Any CPU
		{A21E4901-4F20-419B-98EA-5CD486DD4FEA}.Release|Any CPU.ActiveCfg = Release|Any CPU
		{A21E4901-4F20-419B-98EA-5CD486DD4FEA}.Release|Any CPU.Build.0 = Release|Any CPU
	EndGlobalSection
	GlobalSection(SolutionProperties) = preSolution
		HideSolutionNode = FALSE
	EndGlobalSection
	GlobalSection(ExtensibilityGlobals) = postSolution
		SolutionGuid = {797ABB53-6C77-452D-A72D-6F266691D1B0}
	EndGlobalSection
EndGlobal
