
Microsoft Visual Studio Solution File, Format Version 12.00
# Visual Studio Version 16
VisualStudioVersion = 16.0.31410.357
MinimumVisualStudioVersion = 10.0.40219.1
Project("{FAE04EC0-301F-11D3-BF4B-00C04F79EFBC}") = "ActionParameter", "ActionParameter.csproj", "{53A856F3-48E1-43C9-9472-43CC08F0E382}"
EndProject
Global
	GlobalSection(SolutionConfigurationPlatforms) = preSolution
		Debug|Any CPU = Debug|Any CPU
		Release|Any CPU = Release|Any CPU
	EndGlobalSection
	GlobalSection(ProjectConfigurationPlatforms) = postSolution
		{53A856F3-48E1-43C9-9472-43CC08F0E382}.Debug|Any CPU.ActiveCfg = Debug|Any CPU
		{53A856F3-48E1-43C9-9472-43CC08F0E382}.Debug|Any CPU.Build.0 = Debug|Any CPU
		{53A856F3-48E1-43C9-9472-43CC08F0E382}.Release|Any CPU.ActiveCfg = Release|Any CPU
		{53A856F3-48E1-43C9-9472-43CC08F0E382}.Release|Any CPU.Build.0 = Release|Any CPU
	EndGlobalSection
	GlobalSection(SolutionProperties) = preSolution
		HideSolutionNode = FALSE
	EndGlobalSection
	GlobalSection(ExtensibilityGlobals) = postSolution
		SolutionGuid = {002598D7-C84D-456E-A886-3D86B7537A55}
	EndGlobalSection
EndGlobal
