
Microsoft Visual Studio Solution File, Format Version 12.00
# Visual Studio Version 16
VisualStudioVersion = 16.0.31410.357
MinimumVisualStudioVersion = 10.0.40219.1
Project("{FAE04EC0-301F-11D3-BF4B-00C04F79EFBC}") = "ViewResultDemo", "ViewResultDemo.csproj", "{39A2CCA6-C972-4555-8DC2-71AE38274A66}"
EndProject
Global
	GlobalSection(SolutionConfigurationPlatforms) = preSolution
		Debug|Any CPU = Debug|Any CPU
		Release|Any CPU = Release|Any CPU
	EndGlobalSection
	GlobalSection(ProjectConfigurationPlatforms) = postSolution
		{39A2CCA6-C972-4555-8DC2-71AE38274A66}.Debug|Any CPU.ActiveCfg = Debug|Any CPU
		{39A2CCA6-C972-4555-8DC2-71AE38274A66}.Debug|Any CPU.Build.0 = Debug|Any CPU
		{39A2CCA6-C972-4555-8DC2-71AE38274A66}.Release|Any CPU.ActiveCfg = Release|Any CPU
		{39A2CCA6-C972-4555-8DC2-71AE38274A66}.Release|Any CPU.Build.0 = Release|Any CPU
	EndGlobalSection
	GlobalSection(SolutionProperties) = preSolution
		HideSolutionNode = FALSE
	EndGlobalSection
	GlobalSection(ExtensibilityGlobals) = postSolution
		SolutionGuid = {4BEC0E2C-388D-4D46-A925-BE523DEE7716}
	EndGlobalSection
EndGlobal
